
Microsoft Visual Studio Solution File, Format Version 12.00
# Visual Studio 15
VisualStudioVersion = 15.0.27130.2010
MinimumVisualStudioVersion = 10.0.40219.1
Project("{FAE04EC0-301F-11D3-BF4B-00C04F79EFBC}") = "QuickNote2", "QuickNote2\QuickNote2.csproj", "{53D6C099-AFF1-4B0B-AC45-38B4CBDA2DCB}"
EndProject
Global
	GlobalSection(SolutionConfigurationPlatforms) = preSolution
		Debug|Any CPU = Debug|Any CPU
		Release|Any CPU = Release|Any CPU
	EndGlobalSection
	GlobalSection(ProjectConfigurationPlatforms) = postSolution
		{53D6C099-AFF1-4B0B-AC45-38B4CBDA2DCB}.Debug|Any CPU.ActiveCfg = Debug|Any CPU
		{53D6C099-AFF1-4B0B-AC45-38B4CBDA2DCB}.Debug|Any CPU.Build.0 = Debug|Any CPU
		{53D6C099-AFF1-4B0B-AC45-38B4CBDA2DCB}.Release|Any CPU.ActiveCfg = Release|Any CPU
		{53D6C099-AFF1-4B0B-AC45-38B4CBDA2DCB}.Release|Any CPU.Build.0 = Release|Any CPU
	EndGlobalSection
	GlobalSection(SolutionProperties) = preSolution
		HideSolutionNode = FALSE
	EndGlobalSection
	GlobalSection(ExtensibilityGlobals) = postSolution
		SolutionGuid = {95942475-07FB-4BAE-BC6E-FACFAD29E343}
	EndGlobalSection
EndGlobal
